
Microsoft Visual Studio Solution File, Format Version 12.00
# Visual Studio Version 17
VisualStudioVersion = 17.8.34309.116
MinimumVisualStudioVersion = 10.0.40219.1
Project("{8BC9CEB8-8B4A-11D0-8D11-00A0C91BC942}") = "RayTracing", "RayTracing.vcxproj", "{78A3D64B-D19B-49EB-8651-309C59D9D4E0}"
EndProject
Global
	GlobalSection(SolutionConfigurationPlatforms) = preSolution
		Debug|x64 = Debug|x64
		Debug|x86 = Debug|x86
		Release|x64 = Release|x64
		Release|x86 = Release|x86
	EndGlobalSection
	GlobalSection(ProjectConfigurationPlatforms) = postSolution
		{78A3D64B-D19B-49EB-8651-309C59D9D4E0}.Debug|x64.ActiveCfg = Debug|x64
		{78A3D64B-D19B-49EB-8651-309C59D9D4E0}.Debug|x64.Build.0 = Debug|x64
		{78A3D64B-D19B-49EB-8651-309C59D9D4E0}.Debug|x86.ActiveCfg = Debug|Win32
		{78A3D64B-D19B-49EB-8651-309C59D9D4E0}.Debug|x86.Build.0 = Debug|Win32
		{78A3D64B-D19B-49EB-8651-309C59D9D4E0}.Release|x64.ActiveCfg = Release|x64
		{78A3D64B-D19B-49EB-8651-309C59D9D4E0}.Release|x64.Build.0 = Release|x64
		{78A3D64B-D19B-49EB-8651-309C59D9D4E0}.Release|x86.ActiveCfg = Release|Win32
		{78A3D64B-D19B-49EB-8651-309C59D9D4E0}.Release|x86.Build.0 = Release|Win32
	EndGlobalSection
	GlobalSection(SolutionProperties) = preSolution
		HideSolutionNode = FALSE
	EndGlobalSection
	GlobalSection(ExtensibilityGlobals) = postSolution
		SolutionGuid = {94CDCF07-A52F-460E-A241-9B54E1845700}
	EndGlobalSection
EndGlobal
